
Microsoft Visual Studio Solution File, Format Version 12.00
# Visual Studio Version 16
VisualStudioVersion = 16.0.31019.35
MinimumVisualStudioVersion = 10.0.40219.1
Project("{FAE04EC0-301F-11D3-BF4B-00C04F79EFBC}") = "RecordsLib", "ClassLibrary1\RecordsLib.csproj", "{109CA731-101C-47D1-A09D-E7C71F385A90}"
EndProject
Project("{FAE04EC0-301F-11D3-BF4B-00C04F79EFBC}") = "RecordsLibTests", "RecordsLibTests\RecordsLibTests.csproj", "{3441BCE5-3D1C-4D85-AF94-3A24E5336955}"
EndProject
Project("{FAE04EC0-301F-11D3-BF4B-00C04F79EFBC}") = "RecordsAPI", "RecordsAPI\RecordsAPI.csproj", "{756EE502-BBB5-4DFF-B0C2-B61E34725AC1}"
EndProject
Global
	GlobalSection(SolutionConfigurationPlatforms) = preSolution
		Debug|Any CPU = Debug|Any CPU
		Release|Any CPU = Release|Any CPU
	EndGlobalSection
	GlobalSection(ProjectConfigurationPlatforms) = postSolution
		{109CA731-101C-47D1-A09D-E7C71F385A90}.Debug|Any CPU.ActiveCfg = Debug|Any CPU
		{109CA731-101C-47D1-A09D-E7C71F385A90}.Debug|Any CPU.Build.0 = Debug|Any CPU
		{109CA731-101C-47D1-A09D-E7C71F385A90}.Release|Any CPU.ActiveCfg = Release|Any CPU
		{109CA731-101C-47D1-A09D-E7C71F385A90}.Release|Any CPU.Build.0 = Release|Any CPU
		{3441BCE5-3D1C-4D85-AF94-3A24E5336955}.Debug|Any CPU.ActiveCfg = Debug|Any CPU
		{3441BCE5-3D1C-4D85-AF94-3A24E5336955}.Debug|Any CPU.Build.0 = Debug|Any CPU
		{3441BCE5-3D1C-4D85-AF94-3A24E5336955}.Release|Any CPU.ActiveCfg = Release|Any CPU
		{3441BCE5-3D1C-4D85-AF94-3A24E5336955}.Release|Any CPU.Build.0 = Release|Any CPU
		{756EE502-BBB5-4DFF-B0C2-B61E34725AC1}.Debug|Any CPU.ActiveCfg = Debug|Any CPU
		{756EE502-BBB5-4DFF-B0C2-B61E34725AC1}.Debug|Any CPU.Build.0 = Debug|Any CPU
		{756EE502-BBB5-4DFF-B0C2-B61E34725AC1}.Release|Any CPU.ActiveCfg = Release|Any CPU
		{756EE502-BBB5-4DFF-B0C2-B61E34725AC1}.Release|Any CPU.Build.0 = Release|Any CPU
	EndGlobalSection
	GlobalSection(SolutionProperties) = preSolution
		HideSolutionNode = FALSE
	EndGlobalSection
	GlobalSection(ExtensibilityGlobals) = postSolution
		SolutionGuid = {0E246DAE-5F09-4855-894C-E167730E7445}
	EndGlobalSection
EndGlobal
